{
  "originHash" : "6e7dc1de0f2e668d6f5aec1ceeb18b7676d0c3b82979744ee9f68bdb37e77d05",
  "pins" : [
    {
      "identity" : "noora",
      "kind" : "remoteSourceControl",
      "location" : "https://github.com/tuist/Noora.git",
      "state" : {
        "revision" : "c554521d3723d65fc2945f05150107cc8b2974ec",
        "version" : "0.53.0"
      }
    },
    {
      "identity" : "path",
      "kind" : "remoteSourceControl",
      "location" : "https://github.com/tuist/path",
      "state" : {
        "revision" : "7c74ac435e03a927c3a73134c48b61e60221abcb",
        "version" : "0.3.8"
      }
    },
    {
      "identity" : "pkl-swift",
      "kind" : "remoteSourceControl",
      "location" : "https://github.com/apple/pkl-swift.git",
      "state" : {
        "revision" : "d40f084bd85d1a2c871ca6542a7c4ebfc9bc6f65",
        "version" : "0.7.2"
      }
    },
    {
      "identity" : "rainbow",
      "kind" : "remoteSourceControl",
      "location" : "https://github.com/onevcat/Rainbow",
      "state" : {
        "revision" : "cdf146ae671b2624917648b61c908d1244b98ca1",
        "version" : "4.2.1"
      }
    },
    {
      "identity" : "semanticversion",
      "kind" : "remoteSourceControl",
      "location" : "https://github.com/SwiftPackageIndex/SemanticVersion",
      "state" : {
        "revision" : "3b18d75a3cece558fb98e72d7dd5c83394d86d5b",
        "version" : "0.5.1"
      }
    },
    {
      "identity" : "swift-argument-parser",
      "kind" : "remoteSourceControl",
      "location" : "https://github.com/apple/swift-argument-parser.git",
      "state" : {
        "revision" : "c5d11a805e765f52ba34ec7284bd4fcd6ba68615",
        "version" : "1.7.0"
      }
    },
    {
      "identity" : "swift-log",
      "kind" : "remoteSourceControl",
      "location" : "https://github.com/apple/swift-log.git",
      "state" : {
        "revision" : "2778fd4e5a12a8aaa30a3ee8285f4ce54c5f3181",
        "version" : "1.9.1"
      }
    },
    {
      "identity" : "swift-system",
      "kind" : "remoteSourceControl",
      "location" : "https://github.com/apple/swift-system",
      "state" : {
        "revision" : "7c6ad0fc39d0763e0b699210e4124afd5041c5df",
        "version" : "1.6.4"
      }
    }
  ],
  "version" : 3
}
